{
  "name": "my-blog",
  "version": "1.0.0",
  "lockfileVersion": 1,
  "requires": true,
  "dependencies": {
    "lodash.chunk": {
      "version": "4.2.0",
      "resolved": "https://registry.npm.taobao.org/lodash.chunk/download/lodash.chunk-4.2.0.tgz",
      "integrity": "sha1-ZuXOH3btJ7QwPYxlEujRIW6BBrw=",
      "dev": true
    },
    "lodash.padstart": {
      "version": "4.6.1",
      "resolved": "https://registry.npm.taobao.org/lodash.padstart/download/lodash.padstart-4.6.1.tgz",
      "integrity": "sha1-0uPuv/DZ05rVD1y9G1KnvOa7YRs=",
      "dev": true
    },
    "lodash.sortby": {
      "version": "4.7.0",
      "resolved": "https://registry.npm.taobao.org/lodash.sortby/download/lodash.sortby-4.7.0.tgz",
      "integrity": "sha1-7dFMgk4sycHgsKG0K7UhBRakJDg=",
      "dev": true
    },
    "punycode": {
      "version": "2.1.1",
      "resolved": "https://registry.npm.taobao.org/punycode/download/punycode-2.1.1.tgz",
      "integrity": "sha1-tYsBCsQMIsVldhbI0sLALHv0eew=",
      "dev": true
    },
    "sitemap": {
      "version": "3.2.2",
      "resolved": "https://registry.npm.taobao.org/sitemap/download/sitemap-3.2.2.tgz",
      "integrity": "sha1-P3fDWPqXtVXIeeRXCY45kQCVxis=",
      "dev": true,
      "requires": {
        "lodash.chunk": "^4.2.0",
        "lodash.padstart": "^4.6.1",
        "whatwg-url": "^7.0.0",
        "xmlbuilder": "^13.0.0"
      }
    },
    "tr46": {
      "version": "1.0.1",
      "resolved": "https://registry.npm.taobao.org/tr46/download/tr46-1.0.1.tgz",
      "integrity": "sha1-qLE/1r/SSJUZZ0zN5VujaTtwbQk=",
      "dev": true,
      "requires": {
        "punycode": "^2.1.0"
      }
    },
    "vuepress-plugin-code-copy": {
      "version": "1.0.6",
      "resolved": "https://registry.npm.taobao.org/vuepress-plugin-code-copy/download/vuepress-plugin-code-copy-1.0.6.tgz",
      "integrity": "sha1-ZDHat2S0i1sgPkk22YsZQ2Uc5K0="
    },
    "vuepress-plugin-sitemap": {
      "version": "2.3.1",
      "resolved": "https://registry.npm.taobao.org/vuepress-plugin-sitemap/download/vuepress-plugin-sitemap-2.3.1.tgz",
      "integrity": "sha1-USmKynel3pY5b9vRED4WN91hrmo=",
      "dev": true,
      "requires": {
        "sitemap": "^3.0.0"
      }
    },
    "webidl-conversions": {
      "version": "4.0.2",
      "resolved": "https://registry.npm.taobao.org/webidl-conversions/download/webidl-conversions-4.0.2.tgz?cache=0&other_urls=https%3A%2F%2Fregistry.npm.taobao.org%2Fwebidl-conversions%2Fdownload%2Fwebidl-conversions-4.0.2.tgz",
      "integrity": "sha1-qFWYCx8LazWbodXZ+zmulB+qY60=",
      "dev": true
    },
    "whatwg-url": {
      "version": "7.1.0",
      "resolved": "https://registry.npm.taobao.org/whatwg-url/download/whatwg-url-7.1.0.tgz?cache=0&sync_timestamp=1588965133257&other_urls=https%3A%2F%2Fregistry.npm.taobao.org%2Fwhatwg-url%2Fdownload%2Fwhatwg-url-7.1.0.tgz",
      "integrity": "sha1-wsSS8eymEpiO/T0iZr4bn8YXDQY=",
      "dev": true,
      "requires": {
        "lodash.sortby": "^4.7.0",
        "tr46": "^1.0.1",
        "webidl-conversions": "^4.0.2"
      }
    },
    "xmlbuilder": {
      "version": "13.0.2",
      "resolved": "https://registry.npm.taobao.org/xmlbuilder/download/xmlbuilder-13.0.2.tgz",
      "integrity": "sha1-Aq4zYUtqBH0cMrU4nB/ayyvOR6c=",
      "dev": true
    }
  }
}
